
Microsoft Visual Studio Solution File, Format Version 12.00
# Visual Studio Version 17
VisualStudioVersion = 17.4.33205.214
MinimumVisualStudioVersion = 10.0.40219.1
Project("{FAE04EC0-301F-11D3-BF4B-00C04F79EFBC}") = "WpfApp1", "WpfApp1\WpfApp1.csproj", "{F89E1EBE-9A9A-4F99-875E-D59FC7C1B86C}"
EndProject
Global
	GlobalSection(SolutionConfigurationPlatforms) = preSolution
		Debug|Any CPU = Debug|Any CPU
		Release|Any CPU = Release|Any CPU
	EndGlobalSection
	GlobalSection(ProjectConfigurationPlatforms) = postSolution
		{F89E1EBE-9A9A-4F99-875E-D59FC7C1B86C}.Debug|Any CPU.ActiveCfg = Debug|Any CPU
		{F89E1EBE-9A9A-4F99-875E-D59FC7C1B86C}.Debug|Any CPU.Build.0 = Debug|Any CPU
		{F89E1EBE-9A9A-4F99-875E-D59FC7C1B86C}.Release|Any CPU.ActiveCfg = Release|Any CPU
		{F89E1EBE-9A9A-4F99-875E-D59FC7C1B86C}.Release|Any CPU.Build.0 = Release|Any CPU
	EndGlobalSection
	GlobalSection(SolutionProperties) = preSolution
		HideSolutionNode = FALSE
	EndGlobalSection
	GlobalSection(ExtensibilityGlobals) = postSolution
		SolutionGuid = {BE20839F-175F-4658-837E-77AC3A865C1D}
	EndGlobalSection
EndGlobal
